
Microsoft Visual Studio Solution File, Format Version 11.00
# Visual C# Express 2010
Project("{FAE04EC0-301F-11D3-BF4B-00C04F79EFBC}") = "MEFContrib", "MEFContrib\MEFContrib.csproj", "{E095E609-60CA-4A8F-B416-16E545F5EF12}"
EndProject
Global
	GlobalSection(SolutionConfigurationPlatforms) = preSolution
		Debug|x86 = Debug|x86
		Release|x86 = Release|x86
	EndGlobalSection
	GlobalSection(ProjectConfigurationPlatforms) = postSolution
		{E095E609-60CA-4A8F-B416-16E545F5EF12}.Debug|x86.ActiveCfg = Debug|x86
		{E095E609-60CA-4A8F-B416-16E545F5EF12}.Debug|x86.Build.0 = Debug|x86
		{E095E609-60CA-4A8F-B416-16E545F5EF12}.Release|x86.ActiveCfg = Release|x86
		{E095E609-60CA-4A8F-B416-16E545F5EF12}.Release|x86.Build.0 = Release|x86
	EndGlobalSection
	GlobalSection(SolutionProperties) = preSolution
		HideSolutionNode = FALSE
	EndGlobalSection
EndGlobal
