Microsoft Visual Studio Solution File, Format Version 11.00
# Visual Studio 2010
Project("{FAE04EC0-301F-11D3-BF4B-00C04F79EFBC}") = "FileSysWatcher", "FileSysWatcher.csproj", "{D0E08A63-C8E8-4184-A07C-AC82563C22B9}"
EndProject
Project("{FAE04EC0-301F-11D3-BF4B-00C04F79EFBC}") = "TestProject", "SupportProjects\TestProject\TestProject.csproj", "{C784DD2E-435E-4DF1-B64D-D60A81EE23A1}"
EndProject
Global
	GlobalSection(SolutionConfigurationPlatforms) = preSolution
		Debug|Any CPU = Debug|Any CPU
		Release|Any CPU = Release|Any CPU
	EndGlobalSection
	GlobalSection(ProjectConfigurationPlatforms) = postSolution
		{D0E08A63-C8E8-4184-A07C-AC82563C22B9}.Debug|Any CPU.ActiveCfg = Debug|Any CPU
		{D0E08A63-C8E8-4184-A07C-AC82563C22B9}.Debug|Any CPU.Build.0 = Debug|Any CPU
		{D0E08A63-C8E8-4184-A07C-AC82563C22B9}.Release|Any CPU.ActiveCfg = Release|Any CPU
		{D0E08A63-C8E8-4184-A07C-AC82563C22B9}.Release|Any CPU.Build.0 = Release|Any CPU
		{C784DD2E-435E-4DF1-B64D-D60A81EE23A1}.Debug|Any CPU.ActiveCfg = Debug|Any CPU
		{C784DD2E-435E-4DF1-B64D-D60A81EE23A1}.Release|Any CPU.ActiveCfg = Release|Any CPU
	EndGlobalSection
	GlobalSection(SolutionProperties) = preSolution
		HideSolutionNode = FALSE
	EndGlobalSection
EndGlobal
