
Microsoft Visual Studio Solution File, Format Version 12.00
# Visual Studio 2012
Project("{FAE04EC0-301F-11D3-BF4B-00C04F79EFBC}") = "MyNewService", "MyNewService\MyNewService.csproj", "{CF188F06-CE64-4C50-B79B-38172A19A866}"
EndProject
Global
	GlobalSection(SolutionConfigurationPlatforms) = preSolution
		Debug|Any CPU = Debug|Any CPU
		Release|Any CPU = Release|Any CPU
	EndGlobalSection
	GlobalSection(ProjectConfigurationPlatforms) = postSolution
		{CF188F06-CE64-4C50-B79B-38172A19A866}.Debug|Any CPU.ActiveCfg = Debug|Any CPU
		{CF188F06-CE64-4C50-B79B-38172A19A866}.Debug|Any CPU.Build.0 = Debug|Any CPU
		{CF188F06-CE64-4C50-B79B-38172A19A866}.Release|Any CPU.ActiveCfg = Release|Any CPU
		{CF188F06-CE64-4C50-B79B-38172A19A866}.Release|Any CPU.Build.0 = Release|Any CPU
	EndGlobalSection
	GlobalSection(SolutionProperties) = preSolution
		HideSolutionNode = FALSE
	EndGlobalSection
EndGlobal
