
Microsoft Visual Studio Solution File, Format Version 12.00
# Visual Studio 2012
Project("{FAE04EC0-301F-11D3-BF4B-00C04F79EFBC}") = "BCryptTests", "BCryptTests\BCryptTests.csproj", "{0713C8DE-DF8E-4792-9C32-93CC98D69701}"
EndProject
Global
	GlobalSection(SolutionConfigurationPlatforms) = preSolution
		Debug|Any CPU = Debug|Any CPU
		Release|Any CPU = Release|Any CPU
	EndGlobalSection
	GlobalSection(ProjectConfigurationPlatforms) = postSolution
		{0713C8DE-DF8E-4792-9C32-93CC98D69701}.Debug|Any CPU.ActiveCfg = Debug|Any CPU
		{0713C8DE-DF8E-4792-9C32-93CC98D69701}.Debug|Any CPU.Build.0 = Debug|Any CPU
		{0713C8DE-DF8E-4792-9C32-93CC98D69701}.Release|Any CPU.ActiveCfg = Release|Any CPU
		{0713C8DE-DF8E-4792-9C32-93CC98D69701}.Release|Any CPU.Build.0 = Release|Any CPU
	EndGlobalSection
	GlobalSection(SolutionProperties) = preSolution
		HideSolutionNode = FALSE
	EndGlobalSection
EndGlobal
