
Microsoft Visual Studio Solution File, Format Version 12.00
# Visual Studio 2012
Project("{FAE04EC0-301F-11D3-BF4B-00C04F79EFBC}") = "ParallelTaskEx", "ParallelTaskEx\ParallelTaskEx.csproj", "{BDBF8C24-B15C-4BE7-A8FC-883DF65673D3}"
EndProject
Global
	GlobalSection(SolutionConfigurationPlatforms) = preSolution
		Debug|Any CPU = Debug|Any CPU
		Release|Any CPU = Release|Any CPU
	EndGlobalSection
	GlobalSection(ProjectConfigurationPlatforms) = postSolution
		{BDBF8C24-B15C-4BE7-A8FC-883DF65673D3}.Debug|Any CPU.ActiveCfg = Debug|Any CPU
		{BDBF8C24-B15C-4BE7-A8FC-883DF65673D3}.Debug|Any CPU.Build.0 = Debug|Any CPU
		{BDBF8C24-B15C-4BE7-A8FC-883DF65673D3}.Release|Any CPU.ActiveCfg = Release|Any CPU
		{BDBF8C24-B15C-4BE7-A8FC-883DF65673D3}.Release|Any CPU.Build.0 = Release|Any CPU
	EndGlobalSection
	GlobalSection(SolutionProperties) = preSolution
		HideSolutionNode = FALSE
	EndGlobalSection
EndGlobal
