
Microsoft Visual Studio Solution File, Format Version 12.00
# Visual Studio 2012
Project("{FAE04EC0-301F-11D3-BF4B-00C04F79EFBC}") = "bcrypt", "bcrypt.csproj", "{AEDB669B-6E6A-439E-8AD2-C3231D47A1F9}"
EndProject
Global
	GlobalSection(SolutionConfigurationPlatforms) = preSolution
		Debug|Any CPU = Debug|Any CPU
	EndGlobalSection
	GlobalSection(ProjectConfigurationPlatforms) = postSolution
		{AEDB669B-6E6A-439E-8AD2-C3231D47A1F9}.Debug|Any CPU.ActiveCfg = Debug|Any CPU
		{AEDB669B-6E6A-439E-8AD2-C3231D47A1F9}.Debug|Any CPU.Build.0 = Debug|Any CPU
	EndGlobalSection
	GlobalSection(SolutionProperties) = preSolution
		HideSolutionNode = FALSE
	EndGlobalSection
EndGlobal
