
Microsoft Visual Studio Solution File, Format Version 12.00
# Visual Studio Version 17
VisualStudioVersion = 17.13.35806.99 d17.13
MinimumVisualStudioVersion = 10.0.40219.1
Project("{FAE04EC0-301F-11D3-BF4B-00C04F79EFBC}") = "SimpleXSmartClientCamStreamOnNetFW", "SimpleXSmartClientCamStreamOnNetFW.csproj", "{3188CB74-D3EA-49DF-837A-9087A5747979}"
EndProject
Global
	GlobalSection(SolutionConfigurationPlatforms) = preSolution
		Debug|Any CPU = Debug|Any CPU
		Release|Any CPU = Release|Any CPU
	EndGlobalSection
	GlobalSection(ProjectConfigurationPlatforms) = postSolution
		{3188CB74-D3EA-49DF-837A-9087A5747979}.Debug|Any CPU.ActiveCfg = Debug|Any CPU
		{3188CB74-D3EA-49DF-837A-9087A5747979}.Debug|Any CPU.Build.0 = Debug|Any CPU
		{3188CB74-D3EA-49DF-837A-9087A5747979}.Release|Any CPU.ActiveCfg = Release|Any CPU
		{3188CB74-D3EA-49DF-837A-9087A5747979}.Release|Any CPU.Build.0 = Release|Any CPU
	EndGlobalSection
	GlobalSection(SolutionProperties) = preSolution
		HideSolutionNode = FALSE
	EndGlobalSection
	GlobalSection(ExtensibilityGlobals) = postSolution
		SolutionGuid = {69855A05-9B3A-4FED-A342-E97F2D8FB7B3}
	EndGlobalSection
EndGlobal
